PODS:
  - SegmentedProgressView (0.1.0)

DEPENDENCIES:
  - SegmentedProgressView (from `../`)

EXTERNAL SOURCES:
  SegmentedProgressView:
    :path: "../"

SPEC CHECKSUMS:
  SegmentedProgressView: 88adf11be2431966c41260b427d0878b67e71993

PODFILE CHECKSUM: ef93b87ae6126f041b27a114ad03fd057c33a2b7

COCOAPODS: 1.10.1
